
Microsoft Visual Studio Solution File, Format Version 12.00
# Visual Studio Version 17
VisualStudioVersion = 17.9.34616.47
MinimumVisualStudioVersion = 10.0.40219.1
Project("{22DBC09F-0E38-46E6-AE86-80DC9471843E}") = "Battlefield-2042", "battlefield-2042\Battlefield-2042.vcxproj", "{BF227B4E-3DC2-401E-BE3F-FFEFB1CA58BE}"
EndProject
Global
	GlobalSection(SolutionConfigurationPlatforms) = preSolution
		Debug|x64 = Debug|x64
		Debug|x86 = Debug|x86
		Release|x64 = Release|x64
		Release|x86 = Release|x86
	EndGlobalSection
	GlobalSection(ProjectConfigurationPlatforms) = postSolution
		{BF227B4E-3DC2-401E-BE3F-FFEFB1CA58BE}.Debug|x64.ActiveCfg = Debug|x64
		{BF227B4E-3DC2-401E-BE3F-FFEFB1CA58BE}.Debug|x64.Build.0 = Debug|x64
		{BF227B4E-3DC2-401E-BE3F-FFEFB1CA58BE}.Debug|x86.ActiveCfg = Debug|Win32
		{BF227B4E-3DC2-401E-BE3F-FFEFB1CA58BE}.Debug|x86.Build.0 = Debug|Win32
		{BF227B4E-3DC2-401E-BE3F-FFEFB1CA58BE}.Release|x64.ActiveCfg = Release|x64
		{BF227B4E-3DC2-401E-BE3F-FFEFB1CA58BE}.Release|x64.Build.0 = Release|x64
		{BF227B4E-3DC2-401E-BE3F-FFEFB1CA58BE}.Release|x86.ActiveCfg = Release|Win32
		{BF227B4E-3DC2-401E-BE3F-FFEFB1CA58BE}.Release|x86.Build.0 = Release|Win32
	EndGlobalSection
	GlobalSection(SolutionProperties) = preSolution
		HideSolutionNode = FALSE
	EndGlobalSection
	GlobalSection(ExtensibilityGlobals) = postSolution
		SolutionGuid = {1CEF4D6D-1C1B-414E-8636-C326CFE4064C}
	EndGlobalSection
EndGlobal
